
Microsoft Visual Studio Solution File, Format Version 12.00
# Visual Studio Version 17
VisualStudioVersion = 17.7.34221.43
MinimumVisualStudioVersion = 10.0.40219.1
Project("{FAE04EC0-301F-11D3-BF4B-00C04F79EFBC}") = "Lab01", "Lab01\Lab01.csproj", "{E0C1C077-3B6B-4FDB-AB75-51AABB637B5E}"
EndProject
Global
	GlobalSection(SolutionConfigurationPlatforms) = preSolution
		Debug|Any CPU = Debug|Any CPU
		Release|Any CPU = Release|Any CPU
	EndGlobalSection
	GlobalSection(ProjectConfigurationPlatforms) = postSolution
		{E0C1C077-3B6B-4FDB-AB75-51AABB637B5E}.Debug|Any CPU.ActiveCfg = Debug|Any CPU
		{E0C1C077-3B6B-4FDB-AB75-51AABB637B5E}.Debug|Any CPU.Build.0 = Debug|Any CPU
		{E0C1C077-3B6B-4FDB-AB75-51AABB637B5E}.Release|Any CPU.ActiveCfg = Release|Any CPU
		{E0C1C077-3B6B-4FDB-AB75-51AABB637B5E}.Release|Any CPU.Build.0 = Release|Any CPU
	EndGlobalSection
	GlobalSection(SolutionProperties) = preSolution
		HideSolutionNode = FALSE
	EndGlobalSection
	GlobalSection(ExtensibilityGlobals) = postSolution
		SolutionGuid = {99CC9DFD-66AE-4C43-B64F-E30C63FA1BC6}
	EndGlobalSection
EndGlobal
