
Microsoft Visual Studio Solution File, Format Version 12.00
# Visual Studio Version 17
VisualStudioVersion = 17.9.34616.47
MinimumVisualStudioVersion = 10.0.40219.1
Project("{FAE04EC0-301F-11D3-BF4B-00C04F79EFBC}") = "Lab11", "Lab11.csproj", "{88C12899-5C3F-40CA-AD85-03933DF489AB}"
EndProject
Global
	GlobalSection(SolutionConfigurationPlatforms) = preSolution
		Debug|Any CPU = Debug|Any CPU
		Release|Any CPU = Release|Any CPU
	EndGlobalSection
	GlobalSection(ProjectConfigurationPlatforms) = postSolution
		{88C12899-5C3F-40CA-AD85-03933DF489AB}.Debug|Any CPU.ActiveCfg = Debug|Any CPU
		{88C12899-5C3F-40CA-AD85-03933DF489AB}.Debug|Any CPU.Build.0 = Debug|Any CPU
		{88C12899-5C3F-40CA-AD85-03933DF489AB}.Release|Any CPU.ActiveCfg = Release|Any CPU
		{88C12899-5C3F-40CA-AD85-03933DF489AB}.Release|Any CPU.Build.0 = Release|Any CPU
	EndGlobalSection
	GlobalSection(SolutionProperties) = preSolution
		HideSolutionNode = FALSE
	EndGlobalSection
	GlobalSection(ExtensibilityGlobals) = postSolution
		SolutionGuid = {00B1BC2C-6D2A-4F3B-AA13-1BE323C7911F}
	EndGlobalSection
EndGlobal
