
Microsoft Visual Studio Solution File, Format Version 12.00
# Visual Studio Version 17
VisualStudioVersion = 17.9.34616.47
MinimumVisualStudioVersion = 10.0.40219.1
Project("{FAE04EC0-301F-11D3-BF4B-00C04F79EFBC}") = "Lab14", "Lab14.csproj", "{E4DA7325-451A-499E-AD4F-994ED57F4CFA}"
EndProject
Global
	GlobalSection(SolutionConfigurationPlatforms) = preSolution
		Debug|Any CPU = Debug|Any CPU
		Release|Any CPU = Release|Any CPU
	EndGlobalSection
	GlobalSection(ProjectConfigurationPlatforms) = postSolution
		{E4DA7325-451A-499E-AD4F-994ED57F4CFA}.Debug|Any CPU.ActiveCfg = Debug|Any CPU
		{E4DA7325-451A-499E-AD4F-994ED57F4CFA}.Debug|Any CPU.Build.0 = Debug|Any CPU
		{E4DA7325-451A-499E-AD4F-994ED57F4CFA}.Release|Any CPU.ActiveCfg = Release|Any CPU
		{E4DA7325-451A-499E-AD4F-994ED57F4CFA}.Release|Any CPU.Build.0 = Release|Any CPU
	EndGlobalSection
	GlobalSection(SolutionProperties) = preSolution
		HideSolutionNode = FALSE
	EndGlobalSection
	GlobalSection(ExtensibilityGlobals) = postSolution
		SolutionGuid = {10264BFD-5E1E-4357-ABE3-CA117398E11C}
	EndGlobalSection
EndGlobal
