
Microsoft Visual Studio Solution File, Format Version 12.00
# Visual Studio Version 17
VisualStudioVersion = 17.9.34616.47
MinimumVisualStudioVersion = 10.0.40219.1
Project("{FAE04EC0-301F-11D3-BF4B-00C04F79EFBC}") = "Lab08", "Lab08.csproj", "{FCF6C1EA-058D-4D15-B5A4-72A981EB45BF}"
EndProject
Global
	GlobalSection(SolutionConfigurationPlatforms) = preSolution
		Debug|Any CPU = Debug|Any CPU
		Release|Any CPU = Release|Any CPU
	EndGlobalSection
	GlobalSection(ProjectConfigurationPlatforms) = postSolution
		{FCF6C1EA-058D-4D15-B5A4-72A981EB45BF}.Debug|Any CPU.ActiveCfg = Debug|Any CPU
		{FCF6C1EA-058D-4D15-B5A4-72A981EB45BF}.Debug|Any CPU.Build.0 = Debug|Any CPU
		{FCF6C1EA-058D-4D15-B5A4-72A981EB45BF}.Release|Any CPU.ActiveCfg = Release|Any CPU
		{FCF6C1EA-058D-4D15-B5A4-72A981EB45BF}.Release|Any CPU.Build.0 = Release|Any CPU
	EndGlobalSection
	GlobalSection(SolutionProperties) = preSolution
		HideSolutionNode = FALSE
	EndGlobalSection
	GlobalSection(ExtensibilityGlobals) = postSolution
		SolutionGuid = {BE688A08-80C1-460C-A9F2-15B4D5E3A90E}
	EndGlobalSection
EndGlobal
