
Microsoft Visual Studio Solution File, Format Version 12.00
# Visual Studio Version 17
VisualStudioVersion = 17.9.34616.47
MinimumVisualStudioVersion = 10.0.40219.1
Project("{FAE04EC0-301F-11D3-BF4B-00C04F79EFBC}") = "Lab10", "Lab10.csproj", "{24BD04AF-C599-42AD-B9A0-07A223C89939}"
EndProject
Global
	GlobalSection(SolutionConfigurationPlatforms) = preSolution
		Debug|Any CPU = Debug|Any CPU
		Release|Any CPU = Release|Any CPU
	EndGlobalSection
	GlobalSection(ProjectConfigurationPlatforms) = postSolution
		{24BD04AF-C599-42AD-B9A0-07A223C89939}.Debug|Any CPU.ActiveCfg = Debug|Any CPU
		{24BD04AF-C599-42AD-B9A0-07A223C89939}.Debug|Any CPU.Build.0 = Debug|Any CPU
		{24BD04AF-C599-42AD-B9A0-07A223C89939}.Release|Any CPU.ActiveCfg = Release|Any CPU
		{24BD04AF-C599-42AD-B9A0-07A223C89939}.Release|Any CPU.Build.0 = Release|Any CPU
	EndGlobalSection
	GlobalSection(SolutionProperties) = preSolution
		HideSolutionNode = FALSE
	EndGlobalSection
	GlobalSection(ExtensibilityGlobals) = postSolution
		SolutionGuid = {DD89F2C8-9001-4AA2-BD8D-0E53795E9DFB}
	EndGlobalSection
EndGlobal
