
Microsoft Visual Studio Solution File, Format Version 12.00
# Visual Studio Version 17
VisualStudioVersion = 17.9.34616.47
MinimumVisualStudioVersion = 10.0.40219.1
Project("{FAE04EC0-301F-11D3-BF4B-00C04F79EFBC}") = "Lab12", "Lab12.csproj", "{C9BA6419-385C-4023-B606-5F52640556F8}"
EndProject
Global
	GlobalSection(SolutionConfigurationPlatforms) = preSolution
		Debug|Any CPU = Debug|Any CPU
		Release|Any CPU = Release|Any CPU
	EndGlobalSection
	GlobalSection(ProjectConfigurationPlatforms) = postSolution
		{C9BA6419-385C-4023-B606-5F52640556F8}.Debug|Any CPU.ActiveCfg = Debug|Any CPU
		{C9BA6419-385C-4023-B606-5F52640556F8}.Debug|Any CPU.Build.0 = Debug|Any CPU
		{C9BA6419-385C-4023-B606-5F52640556F8}.Release|Any CPU.ActiveCfg = Release|Any CPU
		{C9BA6419-385C-4023-B606-5F52640556F8}.Release|Any CPU.Build.0 = Release|Any CPU
	EndGlobalSection
	GlobalSection(SolutionProperties) = preSolution
		HideSolutionNode = FALSE
	EndGlobalSection
	GlobalSection(ExtensibilityGlobals) = postSolution
		SolutionGuid = {52F0A855-80FF-4919-AC56-A9A1D1FC57B4}
	EndGlobalSection
EndGlobal
